
Microsoft Visual Studio Solution File, Format Version 12.00
# Visual Studio Version 17
VisualStudioVersion = 17.14.36603.0
MinimumVisualStudioVersion = 10.0.40219.1
Project("{FAE04EC0-301F-11D3-BF4B-00C04F79EFBC}") = "AlgoHW", "HW\AlgoHW.csproj", "{14ABFD48-3BD2-EB5C-B8EA-77460EF38EBD}"
EndProject
Global
	GlobalSection(SolutionConfigurationPlatforms) = preSolution
		Debug|Any CPU = Debug|Any CPU
		Release|Any CPU = Release|Any CPU
	EndGlobalSection
	GlobalSection(ProjectConfigurationPlatforms) = postSolution
		{14ABFD48-3BD2-EB5C-B8EA-77460EF38EBD}.Debug|Any CPU.ActiveCfg = Debug|Any CPU
		{14ABFD48-3BD2-EB5C-B8EA-77460EF38EBD}.Debug|Any CPU.Build.0 = Debug|Any CPU
		{14ABFD48-3BD2-EB5C-B8EA-77460EF38EBD}.Release|Any CPU.ActiveCfg = Release|Any CPU
		{14ABFD48-3BD2-EB5C-B8EA-77460EF38EBD}.Release|Any CPU.Build.0 = Release|Any CPU
	EndGlobalSection
	GlobalSection(SolutionProperties) = preSolution
		HideSolutionNode = FALSE
	EndGlobalSection
	GlobalSection(ExtensibilityGlobals) = postSolution
		SolutionGuid = {A14A5396-F73A-45C2-B171-B478A4B56BAC}
	EndGlobalSection
EndGlobal
